
Microsoft Visual Studio Solution File, Format Version 12.00
# Visual Studio Version 17
VisualStudioVersion = 17.11.35303.130
MinimumVisualStudioVersion = 10.0.40219.1
Project("{FAE04EC0-301F-11D3-BF4B-00C04F79EFBC}") = "FileOrganiserSuccession", "Z:\FileOrganiserSuccession\FileOrganiserSuccession.csproj", "{77730026-1510-4B4F-8C77-720EFD8C5F42}"
EndProject
Global
	GlobalSection(SolutionConfigurationPlatforms) = preSolution
		Debug|Any CPU = Debug|Any CPU
		Release|Any CPU = Release|Any CPU
	EndGlobalSection
	GlobalSection(ProjectConfigurationPlatforms) = postSolution
		{77730026-1510-4B4F-8C77-720EFD8C5F42}.Debug|Any CPU.ActiveCfg = Debug|Any CPU
		{77730026-1510-4B4F-8C77-720EFD8C5F42}.Debug|Any CPU.Build.0 = Debug|Any CPU
		{77730026-1510-4B4F-8C77-720EFD8C5F42}.Release|Any CPU.ActiveCfg = Release|Any CPU
		{77730026-1510-4B4F-8C77-720EFD8C5F42}.Release|Any CPU.Build.0 = Release|Any CPU
	EndGlobalSection
	GlobalSection(SolutionProperties) = preSolution
		HideSolutionNode = FALSE
	EndGlobalSection
	GlobalSection(ExtensibilityGlobals) = postSolution
		SolutionGuid = {DA6401B9-063A-46F9-9B4F-6A9D8FACE226}
	EndGlobalSection
EndGlobal
